// !$*UTF8*$!
{
	archiveVersion = 1;
	classes = {
	};
	objectVersion = 50;
	objects = {

/* Begin PBXBuildFile section */
		318103572509C67300C8E4DA /* AppDelegate.swift in Sources */ = {isa = PBXBuildFile; fileRef = 318103562509C67300C8E4DA /* AppDelegate.swift */; };
		318103592509C67300C8E4DA /* SceneDelegate.swift in Sources */ = {isa = PBXBuildFile; fileRef = 318103582509C67300C8E4DA /* SceneDelegate.swift */; };
		3181035B2509C67300C8E4DA /* ContentView.swift in Sources */ = {isa = PBXBuildFile; fileRef = 3181035A2509C67300C8E4DA /* ContentView.swift */; };
		3181035D2509C67C00C8E4DA /* Assets.xcassets in Resources */ = {isa = PBXBuildFile; fileRef = 3181035C2509C67C00C8E4DA /* Assets.xcassets */; };
		318103602509C67C00C8E4DA /* Preview Assets.xcassets in Resources */ = {isa = PBXBuildFile; fileRef = 3181035F2509C67C00C8E4DA /* Preview Assets.xcassets */; };
		318103632509C67C00C8E4DA /* LaunchScreen.storyboard in Resources */ = {isa = PBXBuildFile; fileRef = 318103612509C67C00C8E4DA /* LaunchScreen.storyboard */; };
		3181036B2509D68A00C8E4DA /* FirstCellView.swift in Sources */ = {isa = PBXBuildFile; fileRef = 3181036A2509D68A00C8E4DA /* FirstCellView.swift */; };
		3181036D2509E28400C8E4DA /* SecondCellView.swift in Sources */ = {isa = PBXBuildFile; fileRef = 3181036C2509E28400C8E4DA /* SecondCellView.swift */; };
		3181036F2509E67000C8E4DA /* ThirdCellView.swift in Sources */ = {isa = PBXBuildFile; fileRef = 3181036E2509E67000C8E4DA /* ThirdCellView.swift */; };
/* End PBXBuildFile section */

/* Begin PBXFileReference section */
		318103532509C67300C8E4DA /* PracticeScrollView.app */ = {isa = PBXFileReference; explicitFileType = wrapper.application; includeInIndex = 0; path = PracticeScrollView.app; sourceTree = BUILT_PRODUCTS_DIR; };
		318103562509C67300C8E4DA /* AppDelegate.swift */ = {isa = PBXFileReference; lastKnownFileType = sourcecode.swift; path = AppDelegate.swift; sourceTree = "<group>"; };
		318103582509C67300C8E4DA /* SceneDelegate.swift */ = {isa = PBXFileReference; lastKnownFileType = sourcecode.swift; path = SceneDelegate.swift; sourceTree = "<group>"; };
		3181035A2509C67300C8E4DA /* ContentView.swift */ = {isa = PBXFileReference; lastKnownFileType = sourcecode.swift; path = ContentView.swift; sourceTree = "<group>"; };
		3181035C2509C67C00C8E4DA /* Assets.xcassets */ = {isa = PBXFileReference; lastKnownFileType = folder.assetcatalog; path = Assets.xcassets; sourceTree = "<group>"; };
		3181035F2509C67C00C8E4DA /* Preview Assets.xcassets */ = {isa = PBXFileReference; lastKnownFileType = folder.assetcatalog; path = "Preview Assets.xcassets"; sourceTree = "<group>"; };
		318103622509C67C00C8E4DA /* Base */ = {isa = PBXFileReference; lastKnownFileType = file.storyboard; name = Base; path = Base.lproj/LaunchScreen.storyboard; sourceTree = "<group>"; };
		318103642509C67C00C8E4DA /* Info.plist */ = {isa = PBXFileReference; lastKnownFileType = text.plist.xml; path = Info.plist; sourceTree = "<group>"; };
		3181036A2509D68A00C8E4DA /* FirstCellView.swift */ = {isa = PBXFileReference; lastKnownFileType = sourcecode.swift; path = FirstCellView.swift; sourceTree = "<group>"; };
		3181036C2509E28400C8E4DA /* SecondCellView.swift */ = {isa = PBXFileReference; lastKnownFileType = sourcecode.swift; path = SecondCellView.swift; sourceTree = "<group>"; };
		3181036E2509E67000C8E4DA /* ThirdCellView.swift */ = {isa = PBXFileReference; lastKnownFileType = sourcecode.swift; path = ThirdCellView.swift; sourceTree = "<group>"; };
/* End PBXFileReference section */

/* Begin PBXFrameworksBuildPhase section */
		318103502509C67300C8E4DA /* Frameworks */ = {
			isa = PBXFrameworksBuildPhase;
			buildActionMask = 2147483647;
			files = (
			);
			runOnlyForDeploymentPostprocessing = 0;
		};
/* End PBXFrameworksBuildPhase section */

/* Begin PBXGroup section */
		3181034A2509C67300C8E4DA = {
			isa = PBXGroup;
			children = (
				318103552509C67300C8E4DA /* PracticeScrollView */,
				318103542509C67300C8E4DA /* Products */,
			);
			sourceTree = "<group>";
		};
		318103542509C67300C8E4DA /* Products */ = {
			isa = PBXGroup;
			children = (
				318103532509C67300C8E4DA /* PracticeScrollView.app */,
			);
			name = Products;
			sourceTree = "<group>";
		};
		318103552509C67300C8E4DA /* PracticeScrollView */ = {
			isa = PBXGroup;
			children = (
				318103562509C67300C8E4DA /* AppDelegate.swift */,
				318103582509C67300C8E4DA /* SceneDelegate.swift */,
				3181035A2509C67300C8E4DA /* ContentView.swift */,
				3181036A2509D68A00C8E4DA /* FirstCellView.swift */,
				3181036C2509E28400C8E4DA /* SecondCellView.swift */,
				3181036E2509E67000C8E4DA /* ThirdCellView.swift */,
				3181035C2509C67C00C8E4DA /* Assets.xcassets */,
				318103612509C67C00C8E4DA /* LaunchScreen.storyboard */,
				318103642509C67C00C8E4DA /* Info.plist */,
				3181035E2509C67C00C8E4DA /* Preview Content */,
			);
			path = PracticeScrollView;
			sourceTree = "<group>";
		};
		3181035E2509C67C00C8E4DA /* Preview Content */ = {
			isa = PBXGroup;
			children = (
				3181035F2509C67C00C8E4DA /* Preview Assets.xcassets */,
			);
			path = "Preview Content";
			sourceTree = "<group>";
		};
/* End PBXGroup section */

/* Begin PBXNativeTarget section */
		318103522509C67300C8E4DA /* PracticeScrollView */ = {
			isa = PBXNativeTarget;
			buildConfigurationList = 318103672509C67C00C8E4DA /* Build configuration list for PBXNativeTarget "PracticeScrollView" */;
			buildPhases = (
				3181034F2509C67300C8E4DA /* Sources */,
				318103502509C67300C8E4DA /* Frameworks */,
				318103512509C67300C8E4DA /* Resources */,
			);
			buildRules = (
			);
			dependencies = (
			);
			name = PracticeScrollView;
			productName = PracticeScrollView;
			productReference = 318103532509C67300C8E4DA /* PracticeScrollView.app */;
			productType = "com.apple.product-type.application";
		};
/* End PBXNativeTarget section */

/* Begin PBXProject section */
		3181034B2509C67300C8E4DA /* Project object */ = {
			isa = PBXProject;
			attributes = {
				LastSwiftUpdateCheck = 1170;
				LastUpgradeCheck = 1170;
				ORGANIZATIONNAME = "石川太洋";
				TargetAttributes = {
					318103522509C67300C8E4DA = {
						CreatedOnToolsVersion = 11.7;
					};
				};
			};
			buildConfigurationList = 3181034E2509C67300C8E4DA /* Build configuration list for PBXProject "PracticeScrollView" */;
			compatibilityVersion = "Xcode 9.3";
			developmentRegion = en;
			hasScannedForEncodings = 0;
			knownRegions = (
				en,
				Base,
			);
			mainGroup = 3181034A2509C67300C8E4DA;
			productRefGroup = 318103542509C67300C8E4DA /* Products */;
			projectDirPath = "";
			projectRoot = "";
			targets = (
				318103522509C67300C8E4DA /* PracticeScrollView */,
			);
		};
/* End PBXProject section */

/* Begin PBXResourcesBuildPhase section */
		318103512509C67300C8E4DA /* Resources */ = {
			isa = PBXResourcesBuildPhase;
			buildActionMask = 2147483647;
			files = (
				318103632509C67C00C8E4DA /* LaunchScreen.storyboard in Resources */,
				318103602509C67C00C8E4DA /* Preview Assets.xcassets in Resources */,
				3181035D2509C67C00C8E4DA /* Assets.xcassets in Resources */,
			);
			runOnlyForDeploymentPostprocessing = 0;
		};
/* End PBXResourcesBuildPhase section */

/* Begin PBXSourcesBuildPhase section */
		3181034F2509C67300C8E4DA /* Sources */ = {
			isa = PBXSourcesBuildPhase;
			buildActionMask = 2147483647;
			files = (
				3181036F2509E67000C8E4DA /* ThirdCellView.swift in Sources */,
				318103572509C67300C8E4DA /* AppDelegate.swift in Sources */,
				3181036B2509D68A00C8E4DA /* FirstCellView.swift in Sources */,
				318103592509C67300C8E4DA /* SceneDelegate.swift in Sources */,
				3181036D2509E28400C8E4DA /* SecondCellView.swift in Sources */,
				3181035B2509C67300C8E4DA /* ContentView.swift in Sources */,
			);
			runOnlyForDeploymentPostprocessing = 0;
		};
/* End PBXSourcesBuildPhase section */

/* Begin PBXVariantGroup section */
		318103612509C67C00C8E4DA /* LaunchScreen.storyboard */ = {
			isa = PBXVariantGroup;
			children = (
				318103622509C67C00C8E4DA /* Base */,
			);
			name = LaunchScreen.storyboard;
			sourceTree = "<group>";
		};
/* End PBXVariantGroup section */

/* Begin XCBuildConfiguration section */
		318103652509C67C00C8E4DA /* Debug */ = {
			isa = XCBuildConfiguration;
			buildSettings = {
				ALWAYS_SEARCH_USER_PATHS = NO;
				CLANG_ANALYZER_NONNULL = YES;
				CLANG_ANALYZER_NUMBER_OBJECT_CONVERSION = YES_AGGRESSIVE;
				CLANG_CXX_LANGUAGE_STANDARD = "gnu++14";
				CLANG_CXX_LIBRARY = "libc++";
				CLANG_ENABLE_MODULES = YES;
				CLANG_ENABLE_OBJC_ARC = YES;
				CLANG_ENABLE_OBJC_WEAK = YES;
				CLANG_WARN_BLOCK_CAPTURE_AUTORELEASING = YES;
				CLANG_WARN_BOOL_CONVERSION = YES;
				CLANG_WARN_COMMA = YES;
				CLANG_WARN_CONSTANT_CONVERSION = YES;
				CLANG_WARN_DEPRECATED_OBJC_IMPLEMENTATIONS = YES;
				CLANG_WARN_DIRECT_OBJC_ISA_USAGE = YES_ERROR;
				CLANG_WARN_DOCUMENTATION_COMMENTS = YES;
				CLANG_WARN_EMPTY_BODY = YES;
				CLANG_WARN_ENUM_CONVERSION = YES;
				CLANG_WARN_INFINITE_RECURSION = YES;
				CLANG_WARN_INT_CONVERSION = YES;
				CLANG_WARN_NON_LITERAL_NULL_CONVERSION = YES;
				CLANG_WARN_OBJC_IMPLICIT_RETAIN_SELF = YES;
				CLANG_WARN_OBJC_LITERAL_CONVERSION = YES;
				CLANG_WARN_OBJC_ROOT_CLASS = YES_ERROR;
				CLANG_WARN_RANGE_LOOP_ANALYSIS = YES;
				CLANG_WARN_STRICT_PROTOTYPES = YES;
				CLANG_WARN_SUSPICIOUS_MOVE = YES;
				CLANG_WARN_UNGUARDED_AVAILABILITY = YES_AGGRESSIVE;
				CLANG_WARN_UNREACHABLE_CODE = YES;
				CLANG_WARN__DUPLICATE_METHOD_MATCH = YES;
				COPY_PHASE_STRIP = NO;
				DEBUG_INFORMATION_FORMAT = dwarf;
				ENABLE_STRICT_OBJC_MSGSEND = YES;
				ENABLE_TESTABILITY = YES;
				GCC_C_LANGUAGE_STANDARD = gnu11;
				GCC_DYNAMIC_NO_PIC = NO;
				GCC_NO_COMMON_BLOCKS = YES;
				GCC_OPTIMIZATION_LEVEL = 0;
				GCC_PREPROCESSOR_DEFINITIONS = (
					"DEBUG=1",
					"$(inherited)",
				);
				GCC_WARN_64_TO_32_BIT_CONVERSION = YES;
				GCC_WARN_ABOUT_RETURN_TYPE = YES_ERROR;
				GCC_WARN_UNDECLARED_SELECTOR = YES;
				GCC_WARN_UNINITIALIZED_AUTOS = YES_AGGRESSIVE;
				GCC_WARN_UNUSED_FUNCTION = YES;
				GCC_WARN_UNUSED_VARIABLE = YES;
				IPHONEOS_DEPLOYMENT_TARGET = 13.7;
				MTL_ENABLE_DEBUG_INFO = INCLUDE_SOURCE;
				MTL_FAST_MATH = YES;
				ONLY_ACTIVE_ARCH = YES;
				SDKROOT = iphoneos;
				SWIFT_ACTIVE_COMPILATION_CONDITIONS = DEBUG;
				SWIFT_OPTIMIZATION_LEVEL = "-Onone";
			};
			name = Debug;
		};
		318103662509C67C00C8E4DA /* Release */ = {
			isa = XCBuildConfiguration;
			buildSettings = {
				ALWAYS_SEARCH_USER_PATHS = NO;
				CLANG_ANALYZER_NONNULL = YES;
				CLANG_ANALYZER_NUMBER_OBJECT_CONVERSION = YES_AGGRESSIVE;
				CLANG_CXX_LANGUAGE_STANDARD = "gnu++14";
				CLANG_CXX_LIBRARY = "libc++";
				CLANG_ENABLE_MODULES = YES;
				CLANG_ENABLE_OBJC_ARC = YES;
				CLANG_ENABLE_OBJC_WEAK = YES;
				CLANG_WARN_BLOCK_CAPTURE_AUTORELEASING = YES;
				CLANG_WARN_BOOL_CONVERSION = YES;
				CLANG_WARN_COMMA = YES;
				CLANG_WARN_CONSTANT_CONVERSION = YES;
				CLANG_WARN_DEPRECATED_OBJC_IMPLEMENTATIONS = YES;
				CLANG_WARN_DIRECT_OBJC_ISA_USAGE = YES_ERROR;
				CLANG_WARN_DOCUMENTATION_COMMENTS = YES;
				CLANG_WARN_EMPTY_BODY = YES;
				CLANG_WARN_ENUM_CONVERSION = YES;
				CLANG_WARN_INFINITE_RECURSION = YES;
				CLANG_WARN_INT_CONVERSION = YES;
				CLANG_WARN_NON_LITERAL_NULL_CONVERSION = YES;
				CLANG_WARN_OBJC_IMPLICIT_RETAIN_SELF = YES;
				CLANG_WARN_OBJC_LITERAL_CONVERSION = YES;
				CLANG_WARN_OBJC_ROOT_CLASS = YES_ERROR;
				CLANG_WARN_RANGE_LOOP_ANALYSIS = YES;
				CLANG_WARN_STRICT_PROTOTYPES = YES;
				CLANG_WARN_SUSPICIOUS_MOVE = YES;
				CLANG_WARN_UNGUARDED_AVAILABILITY = YES_AGGRESSIVE;
				CLANG_WARN_UNREACHABLE_CODE = YES;
				CLANG_WARN__DUPLICATE_METHOD_MATCH = YES;
				COPY_PHASE_STRIP = NO;
				DEBUG_INFORMATION_FORMAT = "dwarf-with-dsym";
				ENABLE_NS_ASSERTIONS = NO;
				ENABLE_STRICT_OBJC_MSGSEND = YES;
				GCC_C_LANGUAGE_STANDARD = gnu11;
				GCC_NO_COMMON_BLOCKS = YES;
				GCC_WARN_64_TO_32_BIT_CONVERSION = YES;
				GCC_WARN_ABOUT_RETURN_TYPE = YES_ERROR;
				GCC_WARN_UNDECLARED_SELECTOR = YES;
				GCC_WARN_UNINITIALIZED_AUTOS = YES_AGGRESSIVE;
				GCC_WARN_UNUSED_FUNCTION = YES;
				GCC_WARN_UNUSED_VARIABLE = YES;
				IPHONEOS_DEPLOYMENT_TARGET = 13.7;
				MTL_ENABLE_DEBUG_INFO = NO;
				MTL_FAST_MATH = YES;
				SDKROOT = iphoneos;
				SWIFT_COMPILATION_MODE = wholemodule;
				SWIFT_OPTIMIZATION_LEVEL = "-O";
				VALIDATE_PRODUCT = YES;
			};
			name = Release;
		};
		318103682509C67C00C8E4DA /* Debug */ = {
			isa = XCBuildConfiguration;
			buildSettings = {
				ASSETCATALOG_COMPILER_APPICON_NAME = AppIcon;
				CODE_SIGN_STYLE = Automatic;
				DEVELOPMENT_ASSET_PATHS = "\"PracticeScrollView/Preview Content\"";
				ENABLE_PREVIEWS = YES;
				INFOPLIST_FILE = PracticeScrollView/Info.plist;
				LD_RUNPATH_SEARCH_PATHS = (
					"$(inherited)",
					"@executable_path/Frameworks",
				);
				PRODUCT_BUNDLE_IDENTIFIER = taiyoishikawa.PracticeScrollView;
				PRODUCT_NAME = "$(TARGET_NAME)";
				SWIFT_VERSION = 5.0;
				TARGETED_DEVICE_FAMILY = "1,2";
			};
			name = Debug;
		};
		318103692509C67C00C8E4DA /* Release */ = {
			isa = XCBuildConfiguration;
			buildSettings = {
				ASSETCATALOG_COMPILER_APPICON_NAME = AppIcon;
				CODE_SIGN_STYLE = Automatic;
				DEVELOPMENT_ASSET_PATHS = "\"PracticeScrollView/Preview Content\"";
				ENABLE_PREVIEWS = YES;
				INFOPLIST_FILE = PracticeScrollView/Info.plist;
				LD_RUNPATH_SEARCH_PATHS = (
					"$(inherited)",
					"@executable_path/Frameworks",
				);
				PRODUCT_BUNDLE_IDENTIFIER = taiyoishikawa.PracticeScrollView;
				PRODUCT_NAME = "$(TARGET_NAME)";
				SWIFT_VERSION = 5.0;
				TARGETED_DEVICE_FAMILY = "1,2";
			};
			name = Release;
		};
/* End XCBuildConfiguration section */

/* Begin XCConfigurationList section */
		3181034E2509C67300C8E4DA /* Build configuration list for PBXProject "PracticeScrollView" */ = {
			isa = XCConfigurationList;
			buildConfigurations = (
				318103652509C67C00C8E4DA /* Debug */,
				318103662509C67C00C8E4DA /* Release */,
			);
			defaultConfigurationIsVisible = 0;
			defaultConfigurationName = Release;
		};
		318103672509C67C00C8E4DA /* Build configuration list for PBXNativeTarget "PracticeScrollView" */ = {
			isa = XCConfigurationList;
			buildConfigurations = (
				318103682509C67C00C8E4DA /* Debug */,
				318103692509C67C00C8E4DA /* Release */,
			);
			defaultConfigurationIsVisible = 0;
			defaultConfigurationName = Release;
		};
/* End XCConfigurationList section */
	};
	rootObject = 3181034B2509C67300C8E4DA /* Project object */;
}
